// !$*UTF8*$!
{
	archiveVersion = 1;
	classes = {
	};
	objectVersion = 48;
	objects = {

/* Begin PBXBuildFile section */
		7D5F0A27201D84850083B2DC /* AppDelegate.swift in Sources */ = {isa = PBXBuildFile; fileRef = 7D5F0A26201D84850083B2DC /* AppDelegate.swift */; };
		7D5F0A29201D84850083B2DC /* ViewController.swift in Sources */ = {isa = PBXBuildFile; fileRef = 7D5F0A28201D84850083B2DC /* ViewController.swift */; };
		7D5F0A2C201D84850083B2DC /* Main.storyboard in Resources */ = {isa = PBXBuildFile; fileRef = 7D5F0A2A201D84850083B2DC /* Main.storyboard */; };
		7D5F0A2E201D84850083B2DC /* Assets.xcassets in Resources */ = {isa = PBXBuildFile; fileRef = 7D5F0A2D201D84850083B2DC /* Assets.xcassets */; };
		7D5F0A31201D84850083B2DC /* LaunchScreen.storyboard in Resources */ = {isa = PBXBuildFile; fileRef = 7D5F0A2F201D84850083B2DC /* LaunchScreen.storyboard */; };
		7D5F0A3C201D84850083B2DC /* ComidaAH_Tests.swift in Sources */ = {isa = PBXBuildFile; fileRef = 7D5F0A3B201D84850083B2DC /* ComidaAH_Tests.swift */; };
/* End PBXBuildFile section */

/* Begin PBXContainerItemProxy section */
		7D5F0A38201D84850083B2DC /* PBXContainerItemProxy */ = {
			isa = PBXContainerItemProxy;
			containerPortal = 7D5F0A1B201D84850083B2DC /* Project object */;
			proxyType = 1;
			remoteGlobalIDString = 7D5F0A22201D84850083B2DC;
			remoteInfo = "ComidaAH!";
		};
/* End PBXContainerItemProxy section */

/* Begin PBXFileReference section */
		7D5F0A23201D84850083B2DC /* ComidaAH!.app */ = {isa = PBXFileReference; explicitFileType = wrapper.application; includeInIndex = 0; path = "ComidaAH!.app"; sourceTree = BUILT_PRODUCTS_DIR; };
		7D5F0A26201D84850083B2DC /* AppDelegate.swift */ = {isa = PBXFileReference; lastKnownFileType = sourcecode.swift; path = AppDelegate.swift; sourceTree = "<group>"; };
		7D5F0A28201D84850083B2DC /* ViewController.swift */ = {isa = PBXFileReference; lastKnownFileType = sourcecode.swift; path = ViewController.swift; sourceTree = "<group>"; };
		7D5F0A2B201D84850083B2DC /* Base */ = {isa = PBXFileReference; lastKnownFileType = file.storyboard; name = Base; path = Base.lproj/Main.storyboard; sourceTree = "<group>"; };
		7D5F0A2D201D84850083B2DC /* Assets.xcassets */ = {isa = PBXFileReference; lastKnownFileType = folder.assetcatalog; path = Assets.xcassets; sourceTree = "<group>"; };
		7D5F0A30201D84850083B2DC /* Base */ = {isa = PBXFileReference; lastKnownFileType = file.storyboard; name = Base; path = Base.lproj/LaunchScreen.storyboard; sourceTree = "<group>"; };
		7D5F0A32201D84850083B2DC /* Info.plist */ = {isa = PBXFileReference; lastKnownFileType = text.plist.xml; path = Info.plist; sourceTree = "<group>"; };
		7D5F0A37201D84850083B2DC /* ComidaAH!Tests.xctest */ = {isa = PBXFileReference; explicitFileType = wrapper.cfbundle; includeInIndex = 0; path = "ComidaAH!Tests.xctest"; sourceTree = BUILT_PRODUCTS_DIR; };
		7D5F0A3B201D84850083B2DC /* ComidaAH_Tests.swift */ = {isa = PBXFileReference; lastKnownFileType = sourcecode.swift; path = ComidaAH_Tests.swift; sourceTree = "<group>"; };
		7D5F0A3D201D84850083B2DC /* Info.plist */ = {isa = PBXFileReference; lastKnownFileType = text.plist.xml; path = Info.plist; sourceTree = "<group>"; };
/* End PBXFileReference section */

/* Begin PBXFrameworksBuildPhase section */
		7D5F0A20201D84850083B2DC /* Frameworks */ = {
			isa = PBXFrameworksBuildPhase;
			buildActionMask = 2147483647;
			files = (
			);
			runOnlyForDeploymentPostprocessing = 0;
		};
		7D5F0A34201D84850083B2DC /* Frameworks */ = {
			isa = PBXFrameworksBuildPhase;
			buildActionMask = 2147483647;
			files = (
			);
			runOnlyForDeploymentPostprocessing = 0;
		};
/* End PBXFrameworksBuildPhase section */

/* Begin PBXGroup section */
		7D5F0A1A201D84850083B2DC = {
			isa = PBXGroup;
			children = (
				7D5F0A25201D84850083B2DC /* ComidaAH! */,
				7D5F0A3A201D84850083B2DC /* ComidaAH!Tests */,
				7D5F0A24201D84850083B2DC /* Products */,
			);
			sourceTree = "<group>";
		};
		7D5F0A24201D84850083B2DC /* Products */ = {
			isa = PBXGroup;
			children = (
				7D5F0A23201D84850083B2DC /* ComidaAH!.app */,
				7D5F0A37201D84850083B2DC /* ComidaAH!Tests.xctest */,
			);
			name = Products;
			sourceTree = "<group>";
		};
		7D5F0A25201D84850083B2DC /* ComidaAH! */ = {
			isa = PBXGroup;
			children = (
				7D5F0A26201D84850083B2DC /* AppDelegate.swift */,
				7D5F0A28201D84850083B2DC /* ViewController.swift */,
				7D5F0A2A201D84850083B2DC /* Main.storyboard */,
				7D5F0A2D201D84850083B2DC /* Assets.xcassets */,
				7D5F0A2F201D84850083B2DC /* LaunchScreen.storyboard */,
				7D5F0A32201D84850083B2DC /* Info.plist */,
			);
			path = "ComidaAH!";
			sourceTree = "<group>";
		};
		7D5F0A3A201D84850083B2DC /* ComidaAH!Tests */ = {
			isa = PBXGroup;
			children = (
				7D5F0A3B201D84850083B2DC /* ComidaAH_Tests.swift */,
				7D5F0A3D201D84850083B2DC /* Info.plist */,
			);
			path = "ComidaAH!Tests";
			sourceTree = "<group>";
		};
/* End PBXGroup section */

/* Begin PBXNativeTarget section */
		7D5F0A22201D84850083B2DC /* ComidaAH! */ = {
			isa = PBXNativeTarget;
			buildConfigurationList = 7D5F0A40201D84850083B2DC /* Build configuration list for PBXNativeTarget "ComidaAH!" */;
			buildPhases = (
				7D5F0A1F201D84850083B2DC /* Sources */,
				7D5F0A20201D84850083B2DC /* Frameworks */,
				7D5F0A21201D84850083B2DC /* Resources */,
			);
			buildRules = (
			);
			dependencies = (
			);
			name = "ComidaAH!";
			productName = "ComidaAH!";
			productReference = 7D5F0A23201D84850083B2DC /* ComidaAH!.app */;
			productType = "com.apple.product-type.application";
		};
		7D5F0A36201D84850083B2DC /* ComidaAH!Tests */ = {
			isa = PBXNativeTarget;
			buildConfigurationList = 7D5F0A43201D84850083B2DC /* Build configuration list for PBXNativeTarget "ComidaAH!Tests" */;
			buildPhases = (
				7D5F0A33201D84850083B2DC /* Sources */,
				7D5F0A34201D84850083B2DC /* Frameworks */,
				7D5F0A35201D84850083B2DC /* Resources */,
			);
			buildRules = (
			);
			dependencies = (
				7D5F0A39201D84850083B2DC /* PBXTargetDependency */,
			);
			name = "ComidaAH!Tests";
			productName = "ComidaAH!Tests";
			productReference = 7D5F0A37201D84850083B2DC /* ComidaAH!Tests.xctest */;
			productType = "com.apple.product-type.bundle.unit-test";
		};
/* End PBXNativeTarget section */

/* Begin PBXProject section */
		7D5F0A1B201D84850083B2DC /* Project object */ = {
			isa = PBXProject;
			attributes = {
				LastSwiftUpdateCheck = 0920;
				LastUpgradeCheck = 0920;
				ORGANIZATIONNAME = "Felipe Montoya";
				TargetAttributes = {
					7D5F0A22201D84850083B2DC = {
						CreatedOnToolsVersion = 9.2;
						ProvisioningStyle = Automatic;
					};
					7D5F0A36201D84850083B2DC = {
						CreatedOnToolsVersion = 9.2;
						ProvisioningStyle = Automatic;
						TestTargetID = 7D5F0A22201D84850083B2DC;
					};
				};
			};
			buildConfigurationList = 7D5F0A1E201D84850083B2DC /* Build configuration list for PBXProject "ComidaAH!" */;
			compatibilityVersion = "Xcode 8.0";
			developmentRegion = en;
			hasScannedForEncodings = 0;
			knownRegions = (
				en,
				Base,
			);
			mainGroup = 7D5F0A1A201D84850083B2DC;
			productRefGroup = 7D5F0A24201D84850083B2DC /* Products */;
			projectDirPath = "";
			projectRoot = "";
			targets = (
				7D5F0A22201D84850083B2DC /* ComidaAH! */,
				7D5F0A36201D84850083B2DC /* ComidaAH!Tests */,
			);
		};
/* End PBXProject section */

/* Begin PBXResourcesBuildPhase section */
		7D5F0A21201D84850083B2DC /* Resources */ = {
			isa = PBXResourcesBuildPhase;
			buildActionMask = 2147483647;
			files = (
				7D5F0A31201D84850083B2DC /* LaunchScreen.storyboard in Resources */,
				7D5F0A2E201D84850083B2DC /* Assets.xcassets in Resources */,
				7D5F0A2C201D84850083B2DC /* Main.storyboard in Resources */,
			);
			runOnlyForDeploymentPostprocessing = 0;
		};
		7D5F0A35201D84850083B2DC /* Resources */ = {
			isa = PBXResourcesBuildPhase;
			buildActionMask = 2147483647;
			files = (
			);
			runOnlyForDeploymentPostprocessing = 0;
		};
/* End PBXResourcesBuildPhase section */

/* Begin PBXSourcesBuildPhase section */
		7D5F0A1F201D84850083B2DC /* Sources */ = {
			isa = PBXSourcesBuildPhase;
			buildActionMask = 2147483647;
			files = (
				7D5F0A29201D84850083B2DC /* ViewController.swift in Sources */,
				7D5F0A27201D84850083B2DC /* AppDelegate.swift in Sources */,
			);
			runOnlyForDeploymentPostprocessing = 0;
		};
		7D5F0A33201D84850083B2DC /* Sources */ = {
			isa = PBXSourcesBuildPhase;
			buildActionMask = 2147483647;
			files = (
				7D5F0A3C201D84850083B2DC /* ComidaAH_Tests.swift in Sources */,
			);
			runOnlyForDeploymentPostprocessing = 0;
		};
/* End PBXSourcesBuildPhase section */

/* Begin PBXTargetDependency section */
		7D5F0A39201D84850083B2DC /* PBXTargetDependency */ = {
			isa = PBXTargetDependency;
			target = 7D5F0A22201D84850083B2DC /* ComidaAH! */;
			targetProxy = 7D5F0A38201D84850083B2DC /* PBXContainerItemProxy */;
		};
/* End PBXTargetDependency section */

/* Begin PBXVariantGroup section */
		7D5F0A2A201D84850083B2DC /* Main.storyboard */ = {
			isa = PBXVariantGroup;
			children = (
				7D5F0A2B201D84850083B2DC /* Base */,
			);
			name = Main.storyboard;
			sourceTree = "<group>";
		};
		7D5F0A2F201D84850083B2DC /* LaunchScreen.storyboard */ = {
			isa = PBXVariantGroup;
			children = (
				7D5F0A30201D84850083B2DC /* Base */,
			);
			name = LaunchScreen.storyboard;
			sourceTree = "<group>";
		};
/* End PBXVariantGroup section */

/* Begin XCBuildConfiguration section */
		7D5F0A3E201D84850083B2DC /* Debug */ = {
			isa = XCBuildConfiguration;
			buildSettings = {
				ALWAYS_SEARCH_USER_PATHS = NO;
				CLANG_ANALYZER_NONNULL = YES;
				CLANG_ANALYZER_NUMBER_OBJECT_CONVERSION = YES_AGGRESSIVE;
				CLANG_CXX_LANGUAGE_STANDARD = "gnu++14";
				CLANG_CXX_LIBRARY = "libc++";
				CLANG_ENABLE_MODULES = YES;
				CLANG_ENABLE_OBJC_ARC = YES;
				CLANG_WARN_BLOCK_CAPTURE_AUTORELEASING = YES;
				CLANG_WARN_BOOL_CONVERSION = YES;
				CLANG_WARN_COMMA = YES;
				CLANG_WARN_CONSTANT_CONVERSION = YES;
				CLANG_WARN_DIRECT_OBJC_ISA_USAGE = YES_ERROR;
				CLANG_WARN_DOCUMENTATION_COMMENTS = YES;
				CLANG_WARN_EMPTY_BODY = YES;
				CLANG_WARN_ENUM_CONVERSION = YES;
				CLANG_WARN_INFINITE_RECURSION = YES;
				CLANG_WARN_INT_CONVERSION = YES;
				CLANG_WARN_NON_LITERAL_NULL_CONVERSION = YES;
				CLANG_WARN_OBJC_LITERAL_CONVERSION = YES;
				CLANG_WARN_OBJC_ROOT_CLASS = YES_ERROR;
				CLANG_WARN_RANGE_LOOP_ANALYSIS = YES;
				CLANG_WARN_STRICT_PROTOTYPES = YES;
				CLANG_WARN_SUSPICIOUS_MOVE = YES;
				CLANG_WARN_UNGUARDED_AVAILABILITY = YES_AGGRESSIVE;
				CLANG_WARN_UNREACHABLE_CODE = YES;
				CLANG_WARN__DUPLICATE_METHOD_MATCH = YES;
				CODE_SIGN_IDENTITY = "iPhone Developer";
				COPY_PHASE_STRIP = NO;
				DEBUG_INFORMATION_FORMAT = dwarf;
				ENABLE_STRICT_OBJC_MSGSEND = YES;
				ENABLE_TESTABILITY = YES;
				GCC_C_LANGUAGE_STANDARD = gnu11;
				GCC_DYNAMIC_NO_PIC = NO;
				GCC_NO_COMMON_BLOCKS = YES;
				GCC_OPTIMIZATION_LEVEL = 0;
				GCC_PREPROCESSOR_DEFINITIONS = (
					"DEBUG=1",
					"$(inherited)",
				);
				GCC_WARN_64_TO_32_BIT_CONVERSION = YES;
				GCC_WARN_ABOUT_RETURN_TYPE = YES_ERROR;
				GCC_WARN_UNDECLARED_SELECTOR = YES;
				GCC_WARN_UNINITIALIZED_AUTOS = YES_AGGRESSIVE;
				GCC_WARN_UNUSED_FUNCTION = YES;
				GCC_WARN_UNUSED_VARIABLE = YES;
				IPHONEOS_DEPLOYMENT_TARGET = 11.2;
				MTL_ENABLE_DEBUG_INFO = YES;
				ONLY_ACTIVE_ARCH = YES;
				SDKROOT = iphoneos;
				SWIFT_ACTIVE_COMPILATION_CONDITIONS = DEBUG;
				SWIFT_OPTIMIZATION_LEVEL = "-Onone";
			};
			name = Debug;
		};
		7D5F0A3F201D84850083B2DC /* Release */ = {
			isa = XCBuildConfiguration;
			buildSettings = {
				ALWAYS_SEARCH_USER_PATHS = NO;
				CLANG_ANALYZER_NONNULL = YES;
				CLANG_ANALYZER_NUMBER_OBJECT_CONVERSION = YES_AGGRESSIVE;
				CLANG_CXX_LANGUAGE_STANDARD = "gnu++14";
				CLANG_CXX_LIBRARY = "libc++";
				CLANG_ENABLE_MODULES = YES;
				CLANG_ENABLE_OBJC_ARC = YES;
				CLANG_WARN_BLOCK_CAPTURE_AUTORELEASING = YES;
				CLANG_WARN_BOOL_CONVERSION = YES;
				CLANG_WARN_COMMA = YES;
				CLANG_WARN_CONSTANT_CONVERSION = YES;
				CLANG_WARN_DIRECT_OBJC_ISA_USAGE = YES_ERROR;
				CLANG_WARN_DOCUMENTATION_COMMENTS = YES;
				CLANG_WARN_EMPTY_BODY = YES;
				CLANG_WARN_ENUM_CONVERSION = YES;
				CLANG_WARN_INFINITE_RECURSION = YES;
				CLANG_WARN_INT_CONVERSION = YES;
				CLANG_WARN_NON_LITERAL_NULL_CONVERSION = YES;
				CLANG_WARN_OBJC_LITERAL_CONVERSION = YES;
				CLANG_WARN_OBJC_ROOT_CLASS = YES_ERROR;
				CLANG_WARN_RANGE_LOOP_ANALYSIS = YES;
				CLANG_WARN_STRICT_PROTOTYPES = YES;
				CLANG_WARN_SUSPICIOUS_MOVE = YES;
				CLANG_WARN_UNGUARDED_AVAILABILITY = YES_AGGRESSIVE;
				CLANG_WARN_UNREACHABLE_CODE = YES;
				CLANG_WARN__DUPLICATE_METHOD_MATCH = YES;
				CODE_SIGN_IDENTITY = "iPhone Developer";
				COPY_PHASE_STRIP = NO;
				DEBUG_INFORMATION_FORMAT = "dwarf-with-dsym";
				ENABLE_NS_ASSERTIONS = NO;
				ENABLE_STRICT_OBJC_MSGSEND = YES;
				GCC_C_LANGUAGE_STANDARD = gnu11;
				GCC_NO_COMMON_BLOCKS = YES;
				GCC_WARN_64_TO_32_BIT_CONVERSION = YES;
				GCC_WARN_ABOUT_RETURN_TYPE = YES_ERROR;
				GCC_WARN_UNDECLARED_SELECTOR = YES;
				GCC_WARN_UNINITIALIZED_AUTOS = YES_AGGRESSIVE;
				GCC_WARN_UNUSED_FUNCTION = YES;
				GCC_WARN_UNUSED_VARIABLE = YES;
				IPHONEOS_DEPLOYMENT_TARGET = 11.2;
				MTL_ENABLE_DEBUG_INFO = NO;
				SDKROOT = iphoneos;
				SWIFT_OPTIMIZATION_LEVEL = "-Owholemodule";
				VALIDATE_PRODUCT = YES;
			};
			name = Release;
		};
		7D5F0A41201D84850083B2DC /* Debug */ = {
			isa = XCBuildConfiguration;
			buildSettings = {
				ASSETCATALOG_COMPILER_APPICON_NAME = AppIcon;
				CODE_SIGN_STYLE = Automatic;
				DEVELOPMENT_TEAM = 9J543JJM4P;
				INFOPLIST_FILE = "ComidaAH!/Info.plist";
				LD_RUNPATH_SEARCH_PATHS = "$(inherited) @executable_path/Frameworks";
				PRODUCT_BUNDLE_IDENTIFIER = "com.fmbosox.ComidaAH-";
				PRODUCT_NAME = "$(TARGET_NAME)";
				SWIFT_VERSION = 4.0;
				TARGETED_DEVICE_FAMILY = "1,2";
			};
			name = Debug;
		};
		7D5F0A42201D84850083B2DC /* Release */ = {
			isa = XCBuildConfiguration;
			buildSettings = {
				ASSETCATALOG_COMPILER_APPICON_NAME = AppIcon;
				CODE_SIGN_STYLE = Automatic;
				DEVELOPMENT_TEAM = 9J543JJM4P;
				INFOPLIST_FILE = "ComidaAH!/Info.plist";
				LD_RUNPATH_SEARCH_PATHS = "$(inherited) @executable_path/Frameworks";
				PRODUCT_BUNDLE_IDENTIFIER = "com.fmbosox.ComidaAH-";
				PRODUCT_NAME = "$(TARGET_NAME)";
				SWIFT_VERSION = 4.0;
				TARGETED_DEVICE_FAMILY = "1,2";
			};
			name = Release;
		};
		7D5F0A44201D84850083B2DC /* Debug */ = {
			isa = XCBuildConfiguration;
			buildSettings = {
				ALWAYS_EMBED_SWIFT_STANDARD_LIBRARIES = YES;
				BUNDLE_LOADER = "$(TEST_HOST)";
				CODE_SIGN_STYLE = Automatic;
				DEVELOPMENT_TEAM = 9J543JJM4P;
				INFOPLIST_FILE = "ComidaAH!Tests/Info.plist";
				LD_RUNPATH_SEARCH_PATHS = "$(inherited) @executable_path/Frameworks @loader_path/Frameworks";
				PRODUCT_BUNDLE_IDENTIFIER = "com.fmbosox.ComidaAH-Tests";
				PRODUCT_NAME = "$(TARGET_NAME)";
				SWIFT_VERSION = 4.0;
				TARGETED_DEVICE_FAMILY = "1,2";
				TEST_HOST = "$(BUILT_PRODUCTS_DIR)/ComidaAH!.app/ComidaAH!";
			};
			name = Debug;
		};
		7D5F0A45201D84850083B2DC /* Release */ = {
			isa = XCBuildConfiguration;
			buildSettings = {
				ALWAYS_EMBED_SWIFT_STANDARD_LIBRARIES = YES;
				BUNDLE_LOADER = "$(TEST_HOST)";
				CODE_SIGN_STYLE = Automatic;
				DEVELOPMENT_TEAM = 9J543JJM4P;
				INFOPLIST_FILE = "ComidaAH!Tests/Info.plist";
				LD_RUNPATH_SEARCH_PATHS = "$(inherited) @executable_path/Frameworks @loader_path/Frameworks";
				PRODUCT_BUNDLE_IDENTIFIER = "com.fmbosox.ComidaAH-Tests";
				PRODUCT_NAME = "$(TARGET_NAME)";
				SWIFT_VERSION = 4.0;
				TARGETED_DEVICE_FAMILY = "1,2";
				TEST_HOST = "$(BUILT_PRODUCTS_DIR)/ComidaAH!.app/ComidaAH!";
			};
			name = Release;
		};
/* End XCBuildConfiguration section */

/* Begin XCConfigurationList section */
		7D5F0A1E201D84850083B2DC /* Build configuration list for PBXProject "ComidaAH!" */ = {
			isa = XCConfigurationList;
			buildConfigurations = (
				7D5F0A3E201D84850083B2DC /* Debug */,
				7D5F0A3F201D84850083B2DC /* Release */,
			);
			defaultConfigurationIsVisible = 0;
			defaultConfigurationName = Release;
		};
		7D5F0A40201D84850083B2DC /* Build configuration list for PBXNativeTarget "ComidaAH!" */ = {
			isa = XCConfigurationList;
			buildConfigurations = (
				7D5F0A41201D84850083B2DC /* Debug */,
				7D5F0A42201D84850083B2DC /* Release */,
			);
			defaultConfigurationIsVisible = 0;
			defaultConfigurationName = Release;
		};
		7D5F0A43201D84850083B2DC /* Build configuration list for PBXNativeTarget "ComidaAH!Tests" */ = {
			isa = XCConfigurationList;
			buildConfigurations = (
				7D5F0A44201D84850083B2DC /* Debug */,
				7D5F0A45201D84850083B2DC /* Release */,
			);
			defaultConfigurationIsVisible = 0;
			defaultConfigurationName = Release;
		};
/* End XCConfigurationList section */
	};
	rootObject = 7D5F0A1B201D84850083B2DC /* Project object */;
}
